# This file is autogenerated, do not edit; changes may be undone by the next 'dep ensure'.


[[projects]]
  branch = "dev"
  name = "github.com/galaco/bsp"
  packages = [
    "primitives/common",
    "primitives/face",
    "primitives/node",
    "primitives/plane",
    "primitives/portal",
    "primitives/worldlight"
  ]
  revision = "e2c9a231921b24ae7cfad79c638a518e9dfbb70b"

[[projects]]
  branch = "master"
  name = "github.com/galaco/vmf"
  packages = ["."]
  revision = "7a9ccb6e8abb1d03bb0c9a1938356b0557dd644f"

[[projects]]
  branch = "master"
  name = "github.com/galaco/vrad"
  packages = [
    "common/constants",
    "common/types",
    "vmath/polygon",
    "vmath/vector"
  ]
  revision = "b836a6dd2de77393cd1f61e57b3f14db9f348a42"

[[projects]]
  branch = "master"
  name = "github.com/go-gl/mathgl"
  packages = ["mgl32"]
  revision = "5ab0e04e1f55a10f3a71b1fccc60ca2ee9a0bc02"

[[projects]]
  branch = "master"
  name = "golang.org/x/image"
  packages = ["math/f32"]
  revision = "f315e440302883054d0c2bd85486878cb4f8572c"

[solve-meta]
  analyzer-name = "dep"
  analyzer-version = 1
  inputs-digest = "67f5c8da0fe6fb61e1e3b6ef3570337f35ba83251a7cc11a261a5c37209be062"
  solver-name = "gps-cdcl"
  solver-version = 1
